
Microsoft Visual Studio Solution File, Format Version 12.00
# Visual Studio Version 17
VisualStudioVersion = 17.7.34031.279
MinimumVisualStudioVersion = 10.0.40219.1
Project("{FAE04EC0-301F-11D3-BF4B-00C04F79EFBC}") = "PdDn5MK", "PdDn5MK\PdDn5MK.csproj", "{20704CB4-4A3E-46BC-B84C-06417AA07C6E}"
EndProject
Global
	GlobalSection(SolutionConfigurationPlatforms) = preSolution
		Debug|Any CPU = Debug|Any CPU
		Release|Any CPU = Release|Any CPU
	EndGlobalSection
	GlobalSection(ProjectConfigurationPlatforms) = postSolution
		{20704CB4-4A3E-46BC-B84C-06417AA07C6E}.Debug|Any CPU.ActiveCfg = Debug|Any CPU
		{20704CB4-4A3E-46BC-B84C-06417AA07C6E}.Debug|Any CPU.Build.0 = Debug|Any CPU
		{20704CB4-4A3E-46BC-B84C-06417AA07C6E}.Release|Any CPU.ActiveCfg = Release|Any CPU
		{20704CB4-4A3E-46BC-B84C-06417AA07C6E}.Release|Any CPU.Build.0 = Release|Any CPU
	EndGlobalSection
	GlobalSection(SolutionProperties) = preSolution
		HideSolutionNode = FALSE
	EndGlobalSection
	GlobalSection(ExtensibilityGlobals) = postSolution
		SolutionGuid = {F384CC67-FDB3-4E36-8B0D-7A23F33EAFB5}
	EndGlobalSection
EndGlobal
